
Microsoft Visual Studio Solution File, Format Version 12.00
# Visual Studio Version 17
VisualStudioVersion = 17.0.31612.314
MinimumVisualStudioVersion = 10.0.40219.1
Project("{FAE04EC0-301F-11D3-BF4B-00C04F79EFBC}") = "MovieBookingApi", "MovieBookingApi\MovieBookingApi.csproj", "{D3178000-6792-4FF7-B940-4C98BB859FD6}"
EndProject
Global
	GlobalSection(SolutionConfigurationPlatforms) = preSolution
		Debug|Any CPU = Debug|Any CPU
		Release|Any CPU = Release|Any CPU
	EndGlobalSection
	GlobalSection(ProjectConfigurationPlatforms) = postSolution
		{D3178000-6792-4FF7-B940-4C98BB859FD6}.Debug|Any CPU.ActiveCfg = Debug|Any CPU
		{D3178000-6792-4FF7-B940-4C98BB859FD6}.Debug|Any CPU.Build.0 = Debug|Any CPU
		{D3178000-6792-4FF7-B940-4C98BB859FD6}.Release|Any CPU.ActiveCfg = Release|Any CPU
		{D3178000-6792-4FF7-B940-4C98BB859FD6}.Release|Any CPU.Build.0 = Release|Any CPU
	EndGlobalSection
	GlobalSection(SolutionProperties) = preSolution
		HideSolutionNode = FALSE
	EndGlobalSection
	GlobalSection(ExtensibilityGlobals) = postSolution
		SolutionGuid = {3594EB2F-FD45-4B78-B5E8-BAA07F6DE74D}
	EndGlobalSection
EndGlobal
